// !$*UTF8*$!
{
	archiveVersion = 1;
	classes = {
	};
	objectVersion = 46;
	objects = {

/* Begin PBXBuildFile section */
		21114E331D7A482E00A4BF22 /* PromotedBurgerView.swift in Sources */ = {isa = PBXBuildFile; fileRef = 21114E321D7A482E00A4BF22 /* PromotedBurgerView.swift */; };
		21114E351D7A485300A4BF22 /* PromotedBurgerView.xib in Resources */ = {isa = PBXBuildFile; fileRef = 21114E341D7A485300A4BF22 /* PromotedBurgerView.xib */; };
		21114E371D7A495D00A4BF22 /* NonPromotedBurgerCell.swift in Sources */ = {isa = PBXBuildFile; fileRef = 21114E361D7A495D00A4BF22 /* NonPromotedBurgerCell.swift */; };
		21114E3A1D7A4C8500A4BF22 /* Constants.swift in Sources */ = {isa = PBXBuildFile; fileRef = 21114E391D7A4C8500A4BF22 /* Constants.swift */; };
		21CB08D51D7A07B500610FCD /* Model.xcdatamodeld in Sources */ = {isa = PBXBuildFile; fileRef = 21CB08D31D7A07B500610FCD /* Model.xcdatamodeld */; };
		21CB08D71D7A07CB00610FCD /* BurgerAPI.swift in Sources */ = {isa = PBXBuildFile; fileRef = 21CB08D61D7A07CB00610FCD /* BurgerAPI.swift */; };
		21CB08E11D7A08D000610FCD /* Burger+CoreDataProperties.swift in Sources */ = {isa = PBXBuildFile; fileRef = 21CB08DF1D7A08D000610FCD /* Burger+CoreDataProperties.swift */; };
		21CB08E21D7A08D000610FCD /* Burger.swift in Sources */ = {isa = PBXBuildFile; fileRef = 21CB08E01D7A08D000610FCD /* Burger.swift */; };
		21CB08E41D7A0C2700610FCD /* DataManager.swift in Sources */ = {isa = PBXBuildFile; fileRef = 21CB08E31D7A0C2700610FCD /* DataManager.swift */; };
		21F264761D7C3F5800AC0CD6 /* BurgerCellProtocol.swift in Sources */ = {isa = PBXBuildFile; fileRef = 21F264751D7C3F5800AC0CD6 /* BurgerCellProtocol.swift */; };
		21F264791D7C418E00AC0CD6 /* BuyButton.swift in Sources */ = {isa = PBXBuildFile; fileRef = 21F264781D7C418E00AC0CD6 /* BuyButton.swift */; };
		61B60ED4A4EE962364193D19 /* Pods_CoffeePort.framework in Frameworks */ = {isa = PBXBuildFile; fileRef = 464A36D47AD1FE3987D4706C /* Pods_CoffeePort.framework */; };
		D7B76DCD4FB3E62E240DF4C6 /* Pods_CoffeePortTests.framework in Frameworks */ = {isa = PBXBuildFile; fileRef = F6A3DD5C4FE9371D61A5DB2A /* Pods_CoffeePortTests.framework */; };
		F8B384131D79D9340057294C /* AppDelegate.swift in Sources */ = {isa = PBXBuildFile; fileRef = F8B384121D79D9340057294C /* AppDelegate.swift */; };
		F8B384151D79D9340057294C /* ViewController.swift in Sources */ = {isa = PBXBuildFile; fileRef = F8B384141D79D9340057294C /* ViewController.swift */; };
		F8B384181D79D9340057294C /* Main.storyboard in Resources */ = {isa = PBXBuildFile; fileRef = F8B384161D79D9340057294C /* Main.storyboard */; };
		F8B3841D1D79D9340057294C /* Assets.xcassets in Resources */ = {isa = PBXBuildFile; fileRef = F8B3841C1D79D9340057294C /* Assets.xcassets */; };
		F8B384201D79D9340057294C /* LaunchScreen.storyboard in Resources */ = {isa = PBXBuildFile; fileRef = F8B3841E1D79D9340057294C /* LaunchScreen.storyboard */; };
		F8B3842B1D79D9340057294C /* CoffeePortTests.swift in Sources */ = {isa = PBXBuildFile; fileRef = F8B3842A1D79D9340057294C /* CoffeePortTests.swift */; };
/* End PBXBuildFile section */

/* Begin PBXContainerItemProxy section */
		F8B384271D79D9340057294C /* PBXContainerItemProxy */ = {
			isa = PBXContainerItemProxy;
			containerPortal = F8B384071D79D9340057294C /* Project object */;
			proxyType = 1;
			remoteGlobalIDString = F8B3840E1D79D9340057294C;
			remoteInfo = CoffeePort;
		};
/* End PBXContainerItemProxy section */

/* Begin PBXFileReference section */
		1FA8DACC9DB81D24F66A4B63 /* Pods-CoffeePort.release.xcconfig */ = {isa = PBXFileReference; includeInIndex = 1; lastKnownFileType = text.xcconfig; name = "Pods-CoffeePort.release.xcconfig"; path = "Pods/Target Support Files/Pods-CoffeePort/Pods-CoffeePort.release.xcconfig"; sourceTree = "<group>"; };
		21114E321D7A482E00A4BF22 /* PromotedBurgerView.swift */ = {isa = PBXFileReference; fileEncoding = 4; lastKnownFileType = sourcecode.swift; path = PromotedBurgerView.swift; sourceTree = "<group>"; };
		21114E341D7A485300A4BF22 /* PromotedBurgerView.xib */ = {isa = PBXFileReference; fileEncoding = 4; lastKnownFileType = file.xib; path = PromotedBurgerView.xib; sourceTree = "<group>"; };
		21114E361D7A495D00A4BF22 /* NonPromotedBurgerCell.swift */ = {isa = PBXFileReference; fileEncoding = 4; lastKnownFileType = sourcecode.swift; path = NonPromotedBurgerCell.swift; sourceTree = "<group>"; };
		21114E391D7A4C8500A4BF22 /* Constants.swift */ = {isa = PBXFileReference; fileEncoding = 4; lastKnownFileType = sourcecode.swift; path = Constants.swift; sourceTree = "<group>"; };
		21CB08D41D7A07B500610FCD /* Model.xcdatamodel */ = {isa = PBXFileReference; lastKnownFileType = wrapper.xcdatamodel; path = Model.xcdatamodel; sourceTree = "<group>"; };
		21CB08D61D7A07CB00610FCD /* BurgerAPI.swift */ = {isa = PBXFileReference; fileEncoding = 4; lastKnownFileType = sourcecode.swift; name = BurgerAPI.swift; path = API/BurgerAPI.swift; sourceTree = "<group>"; };
		21CB08DF1D7A08D000610FCD /* Burger+CoreDataProperties.swift */ = {isa = PBXFileReference; fileEncoding = 4; lastKnownFileType = sourcecode.swift; path = "Burger+CoreDataProperties.swift"; sourceTree = "<group>"; };
		21CB08E01D7A08D000610FCD /* Burger.swift */ = {isa = PBXFileReference; fileEncoding = 4; lastKnownFileType = sourcecode.swift; path = Burger.swift; sourceTree = "<group>"; };
		21CB08E31D7A0C2700610FCD /* DataManager.swift */ = {isa = PBXFileReference; fileEncoding = 4; lastKnownFileType = sourcecode.swift; path = DataManager.swift; sourceTree = "<group>"; };
		21F264751D7C3F5800AC0CD6 /* BurgerCellProtocol.swift */ = {isa = PBXFileReference; fileEncoding = 4; lastKnownFileType = sourcecode.swift; path = BurgerCellProtocol.swift; sourceTree = "<group>"; };
		21F264781D7C418E00AC0CD6 /* BuyButton.swift */ = {isa = PBXFileReference; fileEncoding = 4; lastKnownFileType = sourcecode.swift; path = BuyButton.swift; sourceTree = "<group>"; };
		402AECB04A497830A76AC428 /* Pods-CoffeePortTests.debug.xcconfig */ = {isa = PBXFileReference; includeInIndex = 1; lastKnownFileType = text.xcconfig; name = "Pods-CoffeePortTests.debug.xcconfig"; path = "Pods/Target Support Files/Pods-CoffeePortTests/Pods-CoffeePortTests.debug.xcconfig"; sourceTree = "<group>"; };
		464A36D47AD1FE3987D4706C /* Pods_CoffeePort.framework */ = {isa = PBXFileReference; explicitFileType = wrapper.framework; includeInIndex = 0; path = Pods_CoffeePort.framework; sourceTree = BUILT_PRODUCTS_DIR; };
		61A569E31F5851078DC371AA /* Pods-CoffeePort.debug.xcconfig */ = {isa = PBXFileReference; includeInIndex = 1; lastKnownFileType = text.xcconfig; name = "Pods-CoffeePort.debug.xcconfig"; path = "Pods/Target Support Files/Pods-CoffeePort/Pods-CoffeePort.debug.xcconfig"; sourceTree = "<group>"; };
		ECF3E74BBA0869B39D293154 /* Pods-CoffeePortTests.release.xcconfig */ = {isa = PBXFileReference; includeInIndex = 1; lastKnownFileType = text.xcconfig; name = "Pods-CoffeePortTests.release.xcconfig"; path = "Pods/Target Support Files/Pods-CoffeePortTests/Pods-CoffeePortTests.release.xcconfig"; sourceTree = "<group>"; };
		F6A3DD5C4FE9371D61A5DB2A /* Pods_CoffeePortTests.framework */ = {isa = PBXFileReference; explicitFileType = wrapper.framework; includeInIndex = 0; path = Pods_CoffeePortTests.framework; sourceTree = BUILT_PRODUCTS_DIR; };
		F8B3840F1D79D9340057294C /* CoffeePort.app */ = {isa = PBXFileReference; explicitFileType = wrapper.application; includeInIndex = 0; path = CoffeePort.app; sourceTree = BUILT_PRODUCTS_DIR; };
		F8B384121D79D9340057294C /* AppDelegate.swift */ = {isa = PBXFileReference; lastKnownFileType = sourcecode.swift; path = AppDelegate.swift; sourceTree = "<group>"; };
		F8B384141D79D9340057294C /* ViewController.swift */ = {isa = PBXFileReference; lastKnownFileType = sourcecode.swift; path = ViewController.swift; sourceTree = "<group>"; };
		F8B384171D79D9340057294C /* Base */ = {isa = PBXFileReference; lastKnownFileType = file.storyboard; name = Base; path = Base.lproj/Main.storyboard; sourceTree = "<group>"; };
		F8B3841A1D79D9340057294C /* CoffeePort.xcdatamodel */ = {isa = PBXFileReference; lastKnownFileType = wrapper.xcdatamodel; path = CoffeePort.xcdatamodel; sourceTree = "<group>"; };
		F8B3841C1D79D9340057294C /* Assets.xcassets */ = {isa = PBXFileReference; lastKnownFileType = folder.assetcatalog; path = Assets.xcassets; sourceTree = "<group>"; };
		F8B3841F1D79D9340057294C /* Base */ = {isa = PBXFileReference; lastKnownFileType = file.storyboard; name = Base; path = Base.lproj/LaunchScreen.storyboard; sourceTree = "<group>"; };
		F8B384211D79D9340057294C /* Info.plist */ = {isa = PBXFileReference; lastKnownFileType = text.plist.xml; path = Info.plist; sourceTree = "<group>"; };
		F8B384261D79D9340057294C /* CoffeePortTests.xctest */ = {isa = PBXFileReference; explicitFileType = wrapper.cfbundle; includeInIndex = 0; path = CoffeePortTests.xctest; sourceTree = BUILT_PRODUCTS_DIR; };
		F8B3842A1D79D9340057294C /* CoffeePortTests.swift */ = {isa = PBXFileReference; lastKnownFileType = sourcecode.swift; path = CoffeePortTests.swift; sourceTree = "<group>"; };
		F8B3842C1D79D9340057294C /* Info.plist */ = {isa = PBXFileReference; lastKnownFileType = text.plist.xml; path = Info.plist; sourceTree = "<group>"; };
/* End PBXFileReference section */

/* Begin PBXFrameworksBuildPhase section */
		F8B3840C1D79D9340057294C /* Frameworks */ = {
			isa = PBXFrameworksBuildPhase;
			buildActionMask = 2147483647;
			files = (
				61B60ED4A4EE962364193D19 /* Pods_CoffeePort.framework in Frameworks */,
			);
			runOnlyForDeploymentPostprocessing = 0;
		};
		F8B384231D79D9340057294C /* Frameworks */ = {
			isa = PBXFrameworksBuildPhase;
			buildActionMask = 2147483647;
			files = (
				D7B76DCD4FB3E62E240DF4C6 /* Pods_CoffeePortTests.framework in Frameworks */,
			);
			runOnlyForDeploymentPostprocessing = 0;
		};
/* End PBXFrameworksBuildPhase section */

/* Begin PBXGroup section */
		21114E311D7A47E800A4BF22 /* Views */ = {
			isa = PBXGroup;
			children = (
				21114E321D7A482E00A4BF22 /* PromotedBurgerView.swift */,
				21114E341D7A485300A4BF22 /* PromotedBurgerView.xib */,
				21114E361D7A495D00A4BF22 /* NonPromotedBurgerCell.swift */,
				21F264751D7C3F5800AC0CD6 /* BurgerCellProtocol.swift */,
			);
			path = Views;
			sourceTree = "<group>";
		};
		21114E381D7A4C6200A4BF22 /* Util */ = {
			isa = PBXGroup;
			children = (
				21114E391D7A4C8500A4BF22 /* Constants.swift */,
			);
			path = Util;
			sourceTree = "<group>";
		};
		21CB08CA1D7A00B700610FCD /* API */ = {
			isa = PBXGroup;
			children = (
				21CB08D61D7A07CB00610FCD /* BurgerAPI.swift */,
				21CB08E31D7A0C2700610FCD /* DataManager.swift */,
			);
			name = API;
			sourceTree = "<group>";
		};
		21CB08CD1D7A06B500610FCD /* Model */ = {
			isa = PBXGroup;
			children = (
				21CB08D31D7A07B500610FCD /* Model.xcdatamodeld */,
				21CB08DF1D7A08D000610FCD /* Burger+CoreDataProperties.swift */,
				21CB08E01D7A08D000610FCD /* Burger.swift */,
			);
			path = Model;
			sourceTree = "<group>";
		};
		21F264771D7C402B00AC0CD6 /* Controls */ = {
			isa = PBXGroup;
			children = (
				21F264781D7C418E00AC0CD6 /* BuyButton.swift */,
			);
			path = Controls;
			sourceTree = "<group>";
		};
		5B1BE54333F01758A25370E1 /* Pods */ = {
			isa = PBXGroup;
			children = (
				61A569E31F5851078DC371AA /* Pods-CoffeePort.debug.xcconfig */,
				1FA8DACC9DB81D24F66A4B63 /* Pods-CoffeePort.release.xcconfig */,
				402AECB04A497830A76AC428 /* Pods-CoffeePortTests.debug.xcconfig */,
				ECF3E74BBA0869B39D293154 /* Pods-CoffeePortTests.release.xcconfig */,
			);
			name = Pods;
			sourceTree = "<group>";
		};
		64EBEF0ACA7B965992D27031 /* Frameworks */ = {
			isa = PBXGroup;
			children = (
				464A36D47AD1FE3987D4706C /* Pods_CoffeePort.framework */,
				F6A3DD5C4FE9371D61A5DB2A /* Pods_CoffeePortTests.framework */,
			);
			name = Frameworks;
			sourceTree = "<group>";
		};
		F8B384061D79D9340057294C = {
			isa = PBXGroup;
			children = (
				F8B384111D79D9340057294C /* CoffeePort */,
				F8B384291D79D9340057294C /* CoffeePortTests */,
				F8B384101D79D9340057294C /* Products */,
				5B1BE54333F01758A25370E1 /* Pods */,
				64EBEF0ACA7B965992D27031 /* Frameworks */,
			);
			sourceTree = "<group>";
		};
		F8B384101D79D9340057294C /* Products */ = {
			isa = PBXGroup;
			children = (
				F8B3840F1D79D9340057294C /* CoffeePort.app */,
				F8B384261D79D9340057294C /* CoffeePortTests.xctest */,
			);
			name = Products;
			sourceTree = "<group>";
		};
		F8B384111D79D9340057294C /* CoffeePort */ = {
			isa = PBXGroup;
			children = (
				21F264771D7C402B00AC0CD6 /* Controls */,
				21114E381D7A4C6200A4BF22 /* Util */,
				21114E311D7A47E800A4BF22 /* Views */,
				21CB08CD1D7A06B500610FCD /* Model */,
				21CB08CA1D7A00B700610FCD /* API */,
				F8B384121D79D9340057294C /* AppDelegate.swift */,
				F8B384141D79D9340057294C /* ViewController.swift */,
				F8B384161D79D9340057294C /* Main.storyboard */,
				F8B3841C1D79D9340057294C /* Assets.xcassets */,
				F8B3841E1D79D9340057294C /* LaunchScreen.storyboard */,
				F8B384211D79D9340057294C /* Info.plist */,
				F8B384191D79D9340057294C /* CoffeePort.xcdatamodeld */,
			);
			path = CoffeePort;
			sourceTree = "<group>";
		};
		F8B384291D79D9340057294C /* CoffeePortTests */ = {
			isa = PBXGroup;
			children = (
				F8B3842A1D79D9340057294C /* CoffeePortTests.swift */,
				F8B3842C1D79D9340057294C /* Info.plist */,
			);
			path = CoffeePortTests;
			sourceTree = "<group>";
		};
/* End PBXGroup section */

/* Begin PBXNativeTarget section */
		F8B3840E1D79D9340057294C /* CoffeePort */ = {
			isa = PBXNativeTarget;
			buildConfigurationList = F8B3842F1D79D9340057294C /* Build configuration list for PBXNativeTarget "CoffeePort" */;
			buildPhases = (
				0E7ACB4368E07667F23D4F59 /* [CP] Check Pods Manifest.lock */,
				F8B3840B1D79D9340057294C /* Sources */,
				F8B3840C1D79D9340057294C /* Frameworks */,
				F8B3840D1D79D9340057294C /* Resources */,
				DF32055C9BF65CF14E7991C6 /* [CP] Embed Pods Frameworks */,
				20815A5ACFC475E2E69A25E0 /* [CP] Copy Pods Resources */,
			);
			buildRules = (
			);
			dependencies = (
			);
			name = CoffeePort;
			productName = CoffeePort;
			productReference = F8B3840F1D79D9340057294C /* CoffeePort.app */;
			productType = "com.apple.product-type.application";
		};
		F8B384251D79D9340057294C /* CoffeePortTests */ = {
			isa = PBXNativeTarget;
			buildConfigurationList = F8B384321D79D9340057294C /* Build configuration list for PBXNativeTarget "CoffeePortTests" */;
			buildPhases = (
				DCA788EE45AB098FEBE66490 /* [CP] Check Pods Manifest.lock */,
				F8B384221D79D9340057294C /* Sources */,
				F8B384231D79D9340057294C /* Frameworks */,
				F8B384241D79D9340057294C /* Resources */,
				0F720E9248CEB5DEDA5C43D5 /* [CP] Embed Pods Frameworks */,
				1C3065593F466A87E129C424 /* [CP] Copy Pods Resources */,
			);
			buildRules = (
			);
			dependencies = (
				F8B384281D79D9340057294C /* PBXTargetDependency */,
			);
			name = CoffeePortTests;
			productName = CoffeePortTests;
			productReference = F8B384261D79D9340057294C /* CoffeePortTests.xctest */;
			productType = "com.apple.product-type.bundle.unit-test";
		};
/* End PBXNativeTarget section */

/* Begin PBXProject section */
		F8B384071D79D9340057294C /* Project object */ = {
			isa = PBXProject;
			attributes = {
				LastSwiftUpdateCheck = 0730;
				LastUpgradeCheck = 0730;
				ORGANIZATIONNAME = BazylRei;
				TargetAttributes = {
					F8B3840E1D79D9340057294C = {
						CreatedOnToolsVersion = 7.3.1;
					};
					F8B384251D79D9340057294C = {
						CreatedOnToolsVersion = 7.3.1;
						TestTargetID = F8B3840E1D79D9340057294C;
					};
				};
			};
			buildConfigurationList = F8B3840A1D79D9340057294C /* Build configuration list for PBXProject "CoffeePort" */;
			compatibilityVersion = "Xcode 3.2";
			developmentRegion = English;
			hasScannedForEncodings = 0;
			knownRegions = (
				en,
				Base,
			);
			mainGroup = F8B384061D79D9340057294C;
			productRefGroup = F8B384101D79D9340057294C /* Products */;
			projectDirPath = "";
			projectRoot = "";
			targets = (
				F8B3840E1D79D9340057294C /* CoffeePort */,
				F8B384251D79D9340057294C /* CoffeePortTests */,
			);
		};
/* End PBXProject section */

/* Begin PBXResourcesBuildPhase section */
		F8B3840D1D79D9340057294C /* Resources */ = {
			isa = PBXResourcesBuildPhase;
			buildActionMask = 2147483647;
			files = (
				F8B384201D79D9340057294C /* LaunchScreen.storyboard in Resources */,
				F8B3841D1D79D9340057294C /* Assets.xcassets in Resources */,
				F8B384181D79D9340057294C /* Main.storyboard in Resources */,
				21114E351D7A485300A4BF22 /* PromotedBurgerView.xib in Resources */,
			);
			runOnlyForDeploymentPostprocessing = 0;
		};
		F8B384241D79D9340057294C /* Resources */ = {
			isa = PBXResourcesBuildPhase;
			buildActionMask = 2147483647;
			files = (
			);
			runOnlyForDeploymentPostprocessing = 0;
		};
/* End PBXResourcesBuildPhase section */

/* Begin PBXShellScriptBuildPhase section */
		0E7ACB4368E07667F23D4F59 /* [CP] Check Pods Manifest.lock */ = {
			isa = PBXShellScriptBuildPhase;
			buildActionMask = 2147483647;
			files = (
			);
			inputPaths = (
			);
			name = "[CP] Check Pods Manifest.lock";
			outputPaths = (
			);
			runOnlyForDeploymentPostprocessing = 0;
			shellPath = /bin/sh;
			shellScript = "diff \"${PODS_ROOT}/../Podfile.lock\" \"${PODS_ROOT}/Manifest.lock\" > /dev/null\nif [[ $? != 0 ]] ; then\n    cat << EOM\nerror: The sandbox is not in sync with the Podfile.lock. Run 'pod install' or update your CocoaPods installation.\nEOM\n    exit 1\nfi\n";
			showEnvVarsInLog = 0;
		};
		0F720E9248CEB5DEDA5C43D5 /* [CP] Embed Pods Frameworks */ = {
			isa = PBXShellScriptBuildPhase;
			buildActionMask = 2147483647;
			files = (
			);
			inputPaths = (
			);
			name = "[CP] Embed Pods Frameworks";
			outputPaths = (
			);
			runOnlyForDeploymentPostprocessing = 0;
			shellPath = /bin/sh;
			shellScript = "\"${SRCROOT}/Pods/Target Support Files/Pods-CoffeePortTests/Pods-CoffeePortTests-frameworks.sh\"\n";
			showEnvVarsInLog = 0;
		};
		1C3065593F466A87E129C424 /* [CP] Copy Pods Resources */ = {
			isa = PBXShellScriptBuildPhase;
			buildActionMask = 2147483647;
			files = (
			);
			inputPaths = (
			);
			name = "[CP] Copy Pods Resources";
			outputPaths = (
			);
			runOnlyForDeploymentPostprocessing = 0;
			shellPath = /bin/sh;
			shellScript = "\"${SRCROOT}/Pods/Target Support Files/Pods-CoffeePortTests/Pods-CoffeePortTests-resources.sh\"\n";
			showEnvVarsInLog = 0;
		};
		20815A5ACFC475E2E69A25E0 /* [CP] Copy Pods Resources */ = {
			isa = PBXShellScriptBuildPhase;
			buildActionMask = 2147483647;
			files = (
			);
			inputPaths = (
			);
			name = "[CP] Copy Pods Resources";
			outputPaths = (
			);
			runOnlyForDeploymentPostprocessing = 0;
			shellPath = /bin/sh;
			shellScript = "\"${SRCROOT}/Pods/Target Support Files/Pods-CoffeePort/Pods-CoffeePort-resources.sh\"\n";
			showEnvVarsInLog = 0;
		};
		DCA788EE45AB098FEBE66490 /* [CP] Check Pods Manifest.lock */ = {
			isa = PBXShellScriptBuildPhase;
			buildActionMask = 2147483647;
			files = (
			);
			inputPaths = (
			);
			name = "[CP] Check Pods Manifest.lock";
			outputPaths = (
			);
			runOnlyForDeploymentPostprocessing = 0;
			shellPath = /bin/sh;
			shellScript = "diff \"${PODS_ROOT}/../Podfile.lock\" \"${PODS_ROOT}/Manifest.lock\" > /dev/null\nif [[ $? != 0 ]] ; then\n    cat << EOM\nerror: The sandbox is not in sync with the Podfile.lock. Run 'pod install' or update your CocoaPods installation.\nEOM\n    exit 1\nfi\n";
			showEnvVarsInLog = 0;
		};
		DF32055C9BF65CF14E7991C6 /* [CP] Embed Pods Frameworks */ = {
			isa = PBXShellScriptBuildPhase;
			buildActionMask = 2147483647;
			files = (
			);
			inputPaths = (
			);
			name = "[CP] Embed Pods Frameworks";
			outputPaths = (
			);
			runOnlyForDeploymentPostprocessing = 0;
			shellPath = /bin/sh;
			shellScript = "\"${SRCROOT}/Pods/Target Support Files/Pods-CoffeePort/Pods-CoffeePort-frameworks.sh\"\n";
			showEnvVarsInLog = 0;
		};
/* End PBXShellScriptBuildPhase section */

/* Begin PBXSourcesBuildPhase section */
		F8B3840B1D79D9340057294C /* Sources */ = {
			isa = PBXSourcesBuildPhase;
			buildActionMask = 2147483647;
			files = (
				21CB08E21D7A08D000610FCD /* Burger.swift in Sources */,
				21CB08E11D7A08D000610FCD /* Burger+CoreDataProperties.swift in Sources */,
				F8B384151D79D9340057294C /* ViewController.swift in Sources */,
				21114E371D7A495D00A4BF22 /* NonPromotedBurgerCell.swift in Sources */,
				21CB08E41D7A0C2700610FCD /* DataManager.swift in Sources */,
				21114E3A1D7A4C8500A4BF22 /* Constants.swift in Sources */,
				21CB08D71D7A07CB00610FCD /* BurgerAPI.swift in Sources */,
				21F264761D7C3F5800AC0CD6 /* BurgerCellProtocol.swift in Sources */,
				F8B384131D79D9340057294C /* AppDelegate.swift in Sources */,
				21CB08D51D7A07B500610FCD /* Model.xcdatamodeld in Sources */,
				21F264791D7C418E00AC0CD6 /* BuyButton.swift in Sources */,
				21114E331D7A482E00A4BF22 /* PromotedBurgerView.swift in Sources */,
			);
			runOnlyForDeploymentPostprocessing = 0;
		};
		F8B384221D79D9340057294C /* Sources */ = {
			isa = PBXSourcesBuildPhase;
			buildActionMask = 2147483647;
			files = (
				F8B3842B1D79D9340057294C /* CoffeePortTests.swift in Sources */,
			);
			runOnlyForDeploymentPostprocessing = 0;
		};
/* End PBXSourcesBuildPhase section */

/* Begin PBXTargetDependency section */
		F8B384281D79D9340057294C /* PBXTargetDependency */ = {
			isa = PBXTargetDependency;
			target = F8B3840E1D79D9340057294C /* CoffeePort */;
			targetProxy = F8B384271D79D9340057294C /* PBXContainerItemProxy */;
		};
/* End PBXTargetDependency section */

/* Begin PBXVariantGroup section */
		F8B384161D79D9340057294C /* Main.storyboard */ = {
			isa = PBXVariantGroup;
			children = (
				F8B384171D79D9340057294C /* Base */,
			);
			name = Main.storyboard;
			sourceTree = "<group>";
		};
		F8B3841E1D79D9340057294C /* LaunchScreen.storyboard */ = {
			isa = PBXVariantGroup;
			children = (
				F8B3841F1D79D9340057294C /* Base */,
			);
			name = LaunchScreen.storyboard;
			sourceTree = "<group>";
		};
/* End PBXVariantGroup section */

/* Begin XCBuildConfiguration section */
		F8B3842D1D79D9340057294C /* Debug */ = {
			isa = XCBuildConfiguration;
			buildSettings = {
				ALWAYS_SEARCH_USER_PATHS = NO;
				CLANG_ANALYZER_NONNULL = YES;
				CLANG_CXX_LANGUAGE_STANDARD = "gnu++0x";
				CLANG_CXX_LIBRARY = "libc++";
				CLANG_ENABLE_MODULES = YES;
				CLANG_ENABLE_OBJC_ARC = YES;
				CLANG_WARN_BOOL_CONVERSION = YES;
				CLANG_WARN_CONSTANT_CONVERSION = YES;
				CLANG_WARN_DIRECT_OBJC_ISA_USAGE = YES_ERROR;
				CLANG_WARN_EMPTY_BODY = YES;
				CLANG_WARN_ENUM_CONVERSION = YES;
				CLANG_WARN_INT_CONVERSION = YES;
				CLANG_WARN_OBJC_ROOT_CLASS = YES_ERROR;
				CLANG_WARN_UNREACHABLE_CODE = YES;
				CLANG_WARN__DUPLICATE_METHOD_MATCH = YES;
				"CODE_SIGN_IDENTITY[sdk=iphoneos*]" = "iPhone Developer";
				COPY_PHASE_STRIP = NO;
				DEBUG_INFORMATION_FORMAT = dwarf;
				ENABLE_STRICT_OBJC_MSGSEND = YES;
				ENABLE_TESTABILITY = YES;
				GCC_C_LANGUAGE_STANDARD = gnu99;
				GCC_DYNAMIC_NO_PIC = NO;
				GCC_NO_COMMON_BLOCKS = YES;
				GCC_OPTIMIZATION_LEVEL = 0;
				GCC_PREPROCESSOR_DEFINITIONS = (
					"DEBUG=1",
					"$(inherited)",
				);
				GCC_WARN_64_TO_32_BIT_CONVERSION = YES;
				GCC_WARN_ABOUT_RETURN_TYPE = YES_ERROR;
				GCC_WARN_UNDECLARED_SELECTOR = YES;
				GCC_WARN_UNINITIALIZED_AUTOS = YES_AGGRESSIVE;
				GCC_WARN_UNUSED_FUNCTION = YES;
				GCC_WARN_UNUSED_VARIABLE = YES;
				IPHONEOS_DEPLOYMENT_TARGET = 9.3;
				MTL_ENABLE_DEBUG_INFO = YES;
				ONLY_ACTIVE_ARCH = YES;
				SDKROOT = iphoneos;
				SWIFT_OPTIMIZATION_LEVEL = "-Onone";
				TARGETED_DEVICE_FAMILY = "1,2";
			};
			name = Debug;
		};
		F8B3842E1D79D9340057294C /* Release */ = {
			isa = XCBuildConfiguration;
			buildSettings = {
				ALWAYS_SEARCH_USER_PATHS = NO;
				CLANG_ANALYZER_NONNULL = YES;
				CLANG_CXX_LANGUAGE_STANDARD = "gnu++0x";
				CLANG_CXX_LIBRARY = "libc++";
				CLANG_ENABLE_MODULES = YES;
				CLANG_ENABLE_OBJC_ARC = YES;
				CLANG_WARN_BOOL_CONVERSION = YES;
				CLANG_WARN_CONSTANT_CONVERSION = YES;
				CLANG_WARN_DIRECT_OBJC_ISA_USAGE = YES_ERROR;
				CLANG_WARN_EMPTY_BODY = YES;
				CLANG_WARN_ENUM_CONVERSION = YES;
				CLANG_WARN_INT_CONVERSION = YES;
				CLANG_WARN_OBJC_ROOT_CLASS = YES_ERROR;
				CLANG_WARN_UNREACHABLE_CODE = YES;
				CLANG_WARN__DUPLICATE_METHOD_MATCH = YES;
				"CODE_SIGN_IDENTITY[sdk=iphoneos*]" = "iPhone Developer";
				COPY_PHASE_STRIP = NO;
				DEBUG_INFORMATION_FORMAT = "dwarf-with-dsym";
				ENABLE_NS_ASSERTIONS = NO;
				ENABLE_STRICT_OBJC_MSGSEND = YES;
				GCC_C_LANGUAGE_STANDARD = gnu99;
				GCC_NO_COMMON_BLOCKS = YES;
				GCC_WARN_64_TO_32_BIT_CONVERSION = YES;
				GCC_WARN_ABOUT_RETURN_TYPE = YES_ERROR;
				GCC_WARN_UNDECLARED_SELECTOR = YES;
				GCC_WARN_UNINITIALIZED_AUTOS = YES_AGGRESSIVE;
				GCC_WARN_UNUSED_FUNCTION = YES;
				GCC_WARN_UNUSED_VARIABLE = YES;
				IPHONEOS_DEPLOYMENT_TARGET = 9.3;
				MTL_ENABLE_DEBUG_INFO = NO;
				SDKROOT = iphoneos;
				TARGETED_DEVICE_FAMILY = "1,2";
				VALIDATE_PRODUCT = YES;
			};
			name = Release;
		};
		F8B384301D79D9340057294C /* Debug */ = {
			isa = XCBuildConfiguration;
			baseConfigurationReference = 61A569E31F5851078DC371AA /* Pods-CoffeePort.debug.xcconfig */;
			buildSettings = {
				ASSETCATALOG_COMPILER_APPICON_NAME = AppIcon;
				CLANG_ENABLE_MODULES = YES;
				INFOPLIST_FILE = CoffeePort/Info.plist;
				LD_RUNPATH_SEARCH_PATHS = "$(inherited) @executable_path/Frameworks $(PLATFORM_DIR)/Developer/Library/Frameworks";
				PRODUCT_BUNDLE_IDENTIFIER = com.bazylrei.CoffeePort;
				PRODUCT_NAME = "$(TARGET_NAME)";
				SWIFT_OPTIMIZATION_LEVEL = "-Onone";
			};
			name = Debug;
		};
		F8B384311D79D9340057294C /* Release */ = {
			isa = XCBuildConfiguration;
			baseConfigurationReference = 1FA8DACC9DB81D24F66A4B63 /* Pods-CoffeePort.release.xcconfig */;
			buildSettings = {
				ASSETCATALOG_COMPILER_APPICON_NAME = AppIcon;
				CLANG_ENABLE_MODULES = YES;
				INFOPLIST_FILE = CoffeePort/Info.plist;
				LD_RUNPATH_SEARCH_PATHS = "$(inherited) @executable_path/Frameworks $(PLATFORM_DIR)/Developer/Library/Frameworks";
				PRODUCT_BUNDLE_IDENTIFIER = com.bazylrei.CoffeePort;
				PRODUCT_NAME = "$(TARGET_NAME)";
			};
			name = Release;
		};
		F8B384331D79D9340057294C /* Debug */ = {
			isa = XCBuildConfiguration;
			baseConfigurationReference = 402AECB04A497830A76AC428 /* Pods-CoffeePortTests.debug.xcconfig */;
			buildSettings = {
				BUNDLE_LOADER = "$(TEST_HOST)";
				INFOPLIST_FILE = CoffeePortTests/Info.plist;
				LD_RUNPATH_SEARCH_PATHS = "$(inherited) @executable_path/Frameworks @loader_path/Frameworks";
				PRODUCT_BUNDLE_IDENTIFIER = com.bazylrei.CoffeePortTests;
				PRODUCT_NAME = "$(TARGET_NAME)";
				TEST_HOST = "$(BUILT_PRODUCTS_DIR)/CoffeePort.app/CoffeePort";
			};
			name = Debug;
		};
		F8B384341D79D9340057294C /* Release */ = {
			isa = XCBuildConfiguration;
			baseConfigurationReference = ECF3E74BBA0869B39D293154 /* Pods-CoffeePortTests.release.xcconfig */;
			buildSettings = {
				BUNDLE_LOADER = "$(TEST_HOST)";
				INFOPLIST_FILE = CoffeePortTests/Info.plist;
				LD_RUNPATH_SEARCH_PATHS = "$(inherited) @executable_path/Frameworks @loader_path/Frameworks";
				PRODUCT_BUNDLE_IDENTIFIER = com.bazylrei.CoffeePortTests;
				PRODUCT_NAME = "$(TARGET_NAME)";
				TEST_HOST = "$(BUILT_PRODUCTS_DIR)/CoffeePort.app/CoffeePort";
			};
			name = Release;
		};
/* End XCBuildConfiguration section */

/* Begin XCConfigurationList section */
		F8B3840A1D79D9340057294C /* Build configuration list for PBXProject "CoffeePort" */ = {
			isa = XCConfigurationList;
			buildConfigurations = (
				F8B3842D1D79D9340057294C /* Debug */,
				F8B3842E1D79D9340057294C /* Release */,
			);
			defaultConfigurationIsVisible = 0;
			defaultConfigurationName = Release;
		};
		F8B3842F1D79D9340057294C /* Build configuration list for PBXNativeTarget "CoffeePort" */ = {
			isa = XCConfigurationList;
			buildConfigurations = (
				F8B384301D79D9340057294C /* Debug */,
				F8B384311D79D9340057294C /* Release */,
			);
			defaultConfigurationIsVisible = 0;
			defaultConfigurationName = Release;
		};
		F8B384321D79D9340057294C /* Build configuration list for PBXNativeTarget "CoffeePortTests" */ = {
			isa = XCConfigurationList;
			buildConfigurations = (
				F8B384331D79D9340057294C /* Debug */,
				F8B384341D79D9340057294C /* Release */,
			);
			defaultConfigurationIsVisible = 0;
			defaultConfigurationName = Release;
		};
/* End XCConfigurationList section */

/* Begin XCVersionGroup section */
		21CB08D31D7A07B500610FCD /* Model.xcdatamodeld */ = {
			isa = XCVersionGroup;
			children = (
				21CB08D41D7A07B500610FCD /* Model.xcdatamodel */,
			);
			currentVersion = 21CB08D41D7A07B500610FCD /* Model.xcdatamodel */;
			path = Model.xcdatamodeld;
			sourceTree = "<group>";
			versionGroupType = wrapper.xcdatamodel;
		};
		F8B384191D79D9340057294C /* CoffeePort.xcdatamodeld */ = {
			isa = XCVersionGroup;
			children = (
				F8B3841A1D79D9340057294C /* CoffeePort.xcdatamodel */,
			);
			currentVersion = F8B3841A1D79D9340057294C /* CoffeePort.xcdatamodel */;
			path = CoffeePort.xcdatamodeld;
			sourceTree = "<group>";
			versionGroupType = wrapper.xcdatamodel;
		};
/* End XCVersionGroup section */
	};
	rootObject = F8B384071D79D9340057294C /* Project object */;
}
